
Microsoft Visual Studio Solution File, Format Version 12.00
Project("{FAE04EC0-301F-11D3-BF4B-00C04F79EFBC}") = "SDK", "SDK\SDK.csproj", "{638FC2D1-07AC-4BDC-B7E0-E2C2E7584DCD}"
EndProject
Project("{FAE04EC0-301F-11D3-BF4B-00C04F79EFBC}") = "api", "..\Api\src\api\api.csproj", "{73382493-2376-48FE-8940-1C8A1DAAD975}"
EndProject
Project("{FAE04EC0-301F-11D3-BF4B-00C04F79EFBC}") = "ListAssets", "..\Examples\ListAssets\ListAssets.csproj", "{3367B272-FB6B-4871-B148-89D7928F9763}"
EndProject

Global
	GlobalSection(SolutionConfigurationPlatforms) = preSolution
		Debug|Any CPU = Debug|Any CPU
		Release|Any CPU = Release|Any CPU
	EndGlobalSection
	GlobalSection(ProjectConfigurationPlatforms) = postSolution
		{638FC2D1-07AC-4BDC-B7E0-E2C2E7584DCD}.Debug|Any CPU.ActiveCfg = Debug|Any CPU
		{638FC2D1-07AC-4BDC-B7E0-E2C2E7584DCD}.Debug|Any CPU.Build.0 = Debug|Any CPU
		{638FC2D1-07AC-4BDC-B7E0-E2C2E7584DCD}.Release|Any CPU.ActiveCfg = Release|Any CPU
		{638FC2D1-07AC-4BDC-B7E0-E2C2E7584DCD}.Release|Any CPU.Build.0 = Release|Any CPU
		{73382493-2376-48FE-8940-1C8A1DAAD975}.Debug|Any CPU.ActiveCfg = Debug|Any CPU
		{73382493-2376-48FE-8940-1C8A1DAAD975}.Debug|Any CPU.Build.0 = Debug|Any CPU
		{3367B272-FB6B-4871-B148-89D7928F9763}.Debug|Any CPU.ActiveCfg = Debug|Any CPU
	EndGlobalSection
EndGlobal
